<?xml version="1.0" encoding="utf-8"?>
<Project ToolsVersion="4.0" xmlns="http://schemas.microsoft.com/developer/msbuild/2003">
  <ItemGroup>
    <ClCompile Include="Equipments.cpp">
      <Filter>소스파일</Filter>
    </ClCompile>
    <ClCompile Include="GameManager.cpp">
      <Filter>소스파일</Filter>
    </ClCompile>
    <ClCompile Include="Item.cpp">
      <Filter>소스파일</Filter>
    </ClCompile>
    <ClCompile Include="main.cpp">
      <Filter>소스파일</Filter>
    </ClCompile>
    <ClCompile Include="Monster.cpp">
      <Filter>소스파일</Filter>
    </ClCompile>
    <ClCompile Include="Player.cpp">
      <Filter>소스파일</Filter>
    </ClCompile>
    <ClCompile Include="Shop.cpp">
      <Filter>소스파일</Filter>
    </ClCompile>
  </ItemGroup>
  <ItemGroup>
    <ClInclude Include="Equipments.h">
      <Filter>헤더파일</Filter>
    </ClInclude>
    <ClInclude Include="GameManager.h">
      <Filter>헤더파일</Filter>
    </ClInclude>
    <ClInclude Include="IArmor.h">
      <Filter>헤더파일</Filter>
    </ClInclude>
    <ClInclude Include="Item.h">
      <Filter>헤더파일</Filter>
    </ClInclude>
    <ClInclude Include="IWeapon.h">
      <Filter>헤더파일</Filter>
    </ClInclude>
    <ClInclude Include="Monster.h">
      <Filter>헤더파일</Filter>
    </ClInclude>
    <ClInclude Include="Player.h">
      <Filter>헤더파일</Filter>
    </ClInclude>
    <ClInclude Include="Shop.h">
      <Filter>헤더파일</Filter>
    </ClInclude>
    <ClInclude Include="PrintUtil.h">
      <Filter>헤더파일\Util</Filter>
    </ClInclude>
    <ClInclude Include="RandomUtil.h">
      <Filter>헤더파일\Util</Filter>
    </ClInclude>
    <ClInclude Include="InputUtil.h">
      <Filter>헤더파일\Util</Filter>
    </ClInclude>
    <ClInclude Include="Constants.h">
      <Filter>헤더파일\Util</Filter>
    </ClInclude>
  </ItemGroup>
  <ItemGroup>
    <Filter Include="소스파일">
      <UniqueIdentifier>{b9168163-06eb-425a-bcb2-a9650cf5cd31}</UniqueIdentifier>
    </Filter>
    <Filter Include="헤더파일">
      <UniqueIdentifier>{49647ee9-f6c7-40fb-9241-eb6582cf775c}</UniqueIdentifier>
    </Filter>
    <Filter Include="헤더파일\Util">
      <UniqueIdentifier>{90d12f26-0e56-425b-a8bd-48e3498dc93d}</UniqueIdentifier>
    </Filter>
  </ItemGroup>
</Project>